
Microsoft Visual Studio Solution File, Format Version 10.00
# Visual Studio 2008
Project("{8BC9CEB8-8B4A-11D0-8D11-00A0C91BC942}") = "KKPlayerCore", "KKPlayerCore\KKPlayerCore.vcproj", "{84C7B630-A27D-41C4-92E0-DE9B1B1A1D0B}"
EndProject
Project("{8BC9CEB8-8B4A-11D0-8D11-00A0C91BC942}") = "skia", "skia\skia.vcproj", "{022D2356-8EF6-3EA3-A0D2-F1786190B6E1}"
EndProject
Project("{8BC9CEB8-8B4A-11D0-8D11-00A0C91BC942}") = "png", "png\png.vcproj", "{56476EA3-21CB-3578-B986-9A2A160FEF06}"
EndProject
Project("{8BC9CEB8-8B4A-11D0-8D11-00A0C91BC942}") = "SDL", "SDL-1.2.15\VisualC\SDL\SDL.vcproj", "{81CE8DAF-EBB2-4761-8E45-B71ABCCA8C68}"
EndProject
Project("{8BC9CEB8-8B4A-11D0-8D11-00A0C91BC942}") = "kkv", "kkv\kkv.vcproj", "{FE1A3B1B-1EF7-4047-A36A-1A1F360D5C16}"
EndProject
Project("{8BC9CEB8-8B4A-11D0-8D11-00A0C91BC942}") = "Render", "Render\Render.vcproj", "{0C3297DC-2DCE-41C7-82F7-867FB95F7F9B}"
EndProject
Project("{8BC9CEB8-8B4A-11D0-8D11-00A0C91BC942}") = "kkui", "kkui\kkui.vcproj", "{CB1CCC61-2CC7-44E8-B3B0-A25DDCFE8361}"
EndProject
Project("{8BC9CEB8-8B4A-11D0-8D11-00A0C91BC942}") = "libmfx", "libmfx\libmfx2008.vcproj", "{7FD04E61-DB93-43A2-ADEC-8ED86D4FD97F}"
EndProject
Project("{8BC9CEB8-8B4A-11D0-8D11-00A0C91BC942}") = "zlibstat", "zlib\contrib\vstudio\vc9\zlibstat.vcproj", "{745DEC58-EBB3-47A9-A9B8-4C6627C01BF8}"
EndProject
Project("{8BC9CEB8-8B4A-11D0-8D11-00A0C91BC942}") = "librtmp", "librtmp\librtmp.vcproj", "{5A2DD82A-DB1B-4873-AB9C-417AA8F8DE97}"
EndProject
Project("{8BC9CEB8-8B4A-11D0-8D11-00A0C91BC942}") = "libkkplayer", "libkkplayer\libkkplayer.vcproj", "{47C97EEA-BE14-44D5-83C8-515E311689E8}"
EndProject
Project("{8BC9CEB8-8B4A-11D0-8D11-00A0C91BC942}") = "jsoncpp", "jsoncpp\jsoncpp.vcproj", "{9B4B34FB-9920-4710-BDDA-0A2EF7663301}"
EndProject
Project("{8BC9CEB8-8B4A-11D0-8D11-00A0C91BC942}") = "kkSqlite", "kkSqlite\kkSqlite.vcproj", "{43F2B45F-D963-4D9A-B842-606526C3A81D}"
EndProject
Project("{8BC9CEB8-8B4A-11D0-8D11-00A0C91BC942}") = "KKIcons", "KKIcons\KKIcons.vcproj", "{06236056-DE97-49C1-8A4C-24D35AB7B491}"
EndProject
Project("{8BC9CEB8-8B4A-11D0-8D11-00A0C91BC942}") = "KKPlayer", "KKPlayer\KKPlayer.vcproj", "{B82462F3-0004-4E0E-BB50-F0DBBB168F61}"
EndProject
Project("{8BC9CEB8-8B4A-11D0-8D11-00A0C91BC942}") = "AV64Test", "AV64Test\AV64Test.vcproj", "{B4A7AF6D-5D84-428A-8B03-CF84F4C08424}"
EndProject
Global
	GlobalSection(SolutionConfigurationPlatforms) = preSolution
		Debug|Win32 = Debug|Win32
		Debug|x64 = Debug|x64
		Release|Win32 = Release|Win32
		Release|x64 = Release|x64
	EndGlobalSection
	GlobalSection(ProjectConfigurationPlatforms) = postSolution
		{84C7B630-A27D-41C4-92E0-DE9B1B1A1D0B}.Debug|Win32.ActiveCfg = Debug|Win32
		{84C7B630-A27D-41C4-92E0-DE9B1B1A1D0B}.Debug|Win32.Build.0 = Debug|Win32
		{84C7B630-A27D-41C4-92E0-DE9B1B1A1D0B}.Debug|x64.ActiveCfg = Debug|x64
		{84C7B630-A27D-41C4-92E0-DE9B1B1A1D0B}.Release|Win32.ActiveCfg = Release|Win32
		{84C7B630-A27D-41C4-92E0-DE9B1B1A1D0B}.Release|Win32.Build.0 = Release|Win32
		{84C7B630-A27D-41C4-92E0-DE9B1B1A1D0B}.Release|x64.ActiveCfg = Release|x64
		{022D2356-8EF6-3EA3-A0D2-F1786190B6E1}.Debug|Win32.ActiveCfg = Debug|Win32
		{022D2356-8EF6-3EA3-A0D2-F1786190B6E1}.Debug|Win32.Build.0 = Debug|Win32
		{022D2356-8EF6-3EA3-A0D2-F1786190B6E1}.Debug|x64.ActiveCfg = Debug|x64
		{022D2356-8EF6-3EA3-A0D2-F1786190B6E1}.Release|Win32.ActiveCfg = Release|Win32
		{022D2356-8EF6-3EA3-A0D2-F1786190B6E1}.Release|Win32.Build.0 = Release|Win32
		{022D2356-8EF6-3EA3-A0D2-F1786190B6E1}.Release|x64.ActiveCfg = Release|x64
		{56476EA3-21CB-3578-B986-9A2A160FEF06}.Debug|Win32.ActiveCfg = Debug|Win32
		{56476EA3-21CB-3578-B986-9A2A160FEF06}.Debug|Win32.Build.0 = Debug|Win32
		{56476EA3-21CB-3578-B986-9A2A160FEF06}.Debug|x64.ActiveCfg = Debug|x64
		{56476EA3-21CB-3578-B986-9A2A160FEF06}.Debug|x64.Build.0 = Debug|x64
		{56476EA3-21CB-3578-B986-9A2A160FEF06}.Release|Win32.ActiveCfg = Release|Win32
		{56476EA3-21CB-3578-B986-9A2A160FEF06}.Release|Win32.Build.0 = Release|Win32
		{56476EA3-21CB-3578-B986-9A2A160FEF06}.Release|x64.ActiveCfg = Release|x64
		{81CE8DAF-EBB2-4761-8E45-B71ABCCA8C68}.Debug|Win32.ActiveCfg = Debug|Win32
		{81CE8DAF-EBB2-4761-8E45-B71ABCCA8C68}.Debug|Win32.Build.0 = Debug|Win32
		{81CE8DAF-EBB2-4761-8E45-B71ABCCA8C68}.Debug|x64.ActiveCfg = Debug|x64
		{81CE8DAF-EBB2-4761-8E45-B71ABCCA8C68}.Debug|x64.Build.0 = Debug|x64
		{81CE8DAF-EBB2-4761-8E45-B71ABCCA8C68}.Release|Win32.ActiveCfg = Release|Win32
		{81CE8DAF-EBB2-4761-8E45-B71ABCCA8C68}.Release|Win32.Build.0 = Release|Win32
		{81CE8DAF-EBB2-4761-8E45-B71ABCCA8C68}.Release|x64.ActiveCfg = Release|x64
		{81CE8DAF-EBB2-4761-8E45-B71ABCCA8C68}.Release|x64.Build.0 = Release|x64
		{FE1A3B1B-1EF7-4047-A36A-1A1F360D5C16}.Debug|Win32.ActiveCfg = Debug|Win32
		{FE1A3B1B-1EF7-4047-A36A-1A1F360D5C16}.Debug|Win32.Build.0 = Debug|Win32
		{FE1A3B1B-1EF7-4047-A36A-1A1F360D5C16}.Debug|x64.ActiveCfg = Debug|Win32
		{FE1A3B1B-1EF7-4047-A36A-1A1F360D5C16}.Release|Win32.ActiveCfg = Release|Win32
		{FE1A3B1B-1EF7-4047-A36A-1A1F360D5C16}.Release|Win32.Build.0 = Release|Win32
		{FE1A3B1B-1EF7-4047-A36A-1A1F360D5C16}.Release|x64.ActiveCfg = Release|Win32
		{0C3297DC-2DCE-41C7-82F7-867FB95F7F9B}.Debug|Win32.ActiveCfg = Debug|Win32
		{0C3297DC-2DCE-41C7-82F7-867FB95F7F9B}.Debug|Win32.Build.0 = Debug|Win32
		{0C3297DC-2DCE-41C7-82F7-867FB95F7F9B}.Debug|x64.ActiveCfg = Debug|x64
		{0C3297DC-2DCE-41C7-82F7-867FB95F7F9B}.Release|Win32.ActiveCfg = Release|Win32
		{0C3297DC-2DCE-41C7-82F7-867FB95F7F9B}.Release|Win32.Build.0 = Release|Win32
		{0C3297DC-2DCE-41C7-82F7-867FB95F7F9B}.Release|x64.ActiveCfg = Release|x64
		{CB1CCC61-2CC7-44E8-B3B0-A25DDCFE8361}.Debug|Win32.ActiveCfg = Debug|Win32
		{CB1CCC61-2CC7-44E8-B3B0-A25DDCFE8361}.Debug|Win32.Build.0 = Debug|Win32
		{CB1CCC61-2CC7-44E8-B3B0-A25DDCFE8361}.Debug|x64.ActiveCfg = Debug|Win32
		{CB1CCC61-2CC7-44E8-B3B0-A25DDCFE8361}.Release|Win32.ActiveCfg = Release|Win32
		{CB1CCC61-2CC7-44E8-B3B0-A25DDCFE8361}.Release|Win32.Build.0 = Release|Win32
		{CB1CCC61-2CC7-44E8-B3B0-A25DDCFE8361}.Release|x64.ActiveCfg = Release|Win32
		{7FD04E61-DB93-43A2-ADEC-8ED86D4FD97F}.Debug|Win32.ActiveCfg = Debug|Win32
		{7FD04E61-DB93-43A2-ADEC-8ED86D4FD97F}.Debug|Win32.Build.0 = Debug|Win32
		{7FD04E61-DB93-43A2-ADEC-8ED86D4FD97F}.Debug|x64.ActiveCfg = Debug|x64
		{7FD04E61-DB93-43A2-ADEC-8ED86D4FD97F}.Release|Win32.ActiveCfg = Release|Win32
		{7FD04E61-DB93-43A2-ADEC-8ED86D4FD97F}.Release|Win32.Build.0 = Release|Win32
		{7FD04E61-DB93-43A2-ADEC-8ED86D4FD97F}.Release|x64.ActiveCfg = Release|x64
		{745DEC58-EBB3-47A9-A9B8-4C6627C01BF8}.Debug|Win32.ActiveCfg = Debug|Win32
		{745DEC58-EBB3-47A9-A9B8-4C6627C01BF8}.Debug|Win32.Build.0 = Debug|Win32
		{745DEC58-EBB3-47A9-A9B8-4C6627C01BF8}.Debug|x64.ActiveCfg = Debug|x64
		{745DEC58-EBB3-47A9-A9B8-4C6627C01BF8}.Debug|x64.Build.0 = Debug|x64
		{745DEC58-EBB3-47A9-A9B8-4C6627C01BF8}.Release|Win32.ActiveCfg = Release|Win32
		{745DEC58-EBB3-47A9-A9B8-4C6627C01BF8}.Release|Win32.Build.0 = Release|Win32
		{745DEC58-EBB3-47A9-A9B8-4C6627C01BF8}.Release|x64.ActiveCfg = Release|x64
		{745DEC58-EBB3-47A9-A9B8-4C6627C01BF8}.Release|x64.Build.0 = Release|x64
		{5A2DD82A-DB1B-4873-AB9C-417AA8F8DE97}.Debug|Win32.ActiveCfg = Debug|Win32
		{5A2DD82A-DB1B-4873-AB9C-417AA8F8DE97}.Debug|Win32.Build.0 = Debug|Win32
		{5A2DD82A-DB1B-4873-AB9C-417AA8F8DE97}.Debug|x64.ActiveCfg = Debug|x64
		{5A2DD82A-DB1B-4873-AB9C-417AA8F8DE97}.Release|Win32.ActiveCfg = Release|Win32
		{5A2DD82A-DB1B-4873-AB9C-417AA8F8DE97}.Release|Win32.Build.0 = Release|Win32
		{5A2DD82A-DB1B-4873-AB9C-417AA8F8DE97}.Release|x64.ActiveCfg = Release|x64
		{47C97EEA-BE14-44D5-83C8-515E311689E8}.Debug|Win32.ActiveCfg = Debug|Win32
		{47C97EEA-BE14-44D5-83C8-515E311689E8}.Debug|Win32.Build.0 = Debug|Win32
		{47C97EEA-BE14-44D5-83C8-515E311689E8}.Debug|x64.ActiveCfg = Debug|x64
		{47C97EEA-BE14-44D5-83C8-515E311689E8}.Release|Win32.ActiveCfg = Release|Win32
		{47C97EEA-BE14-44D5-83C8-515E311689E8}.Release|Win32.Build.0 = Release|Win32
		{47C97EEA-BE14-44D5-83C8-515E311689E8}.Release|x64.ActiveCfg = Release|x64
		{9B4B34FB-9920-4710-BDDA-0A2EF7663301}.Debug|Win32.ActiveCfg = Debug|Win32
		{9B4B34FB-9920-4710-BDDA-0A2EF7663301}.Debug|Win32.Build.0 = Debug|Win32
		{9B4B34FB-9920-4710-BDDA-0A2EF7663301}.Debug|x64.ActiveCfg = Debug|x64
		{9B4B34FB-9920-4710-BDDA-0A2EF7663301}.Release|Win32.ActiveCfg = Release|Win32
		{9B4B34FB-9920-4710-BDDA-0A2EF7663301}.Release|Win32.Build.0 = Release|Win32
		{9B4B34FB-9920-4710-BDDA-0A2EF7663301}.Release|x64.ActiveCfg = Release|x64
		{43F2B45F-D963-4D9A-B842-606526C3A81D}.Debug|Win32.ActiveCfg = Debug|Win32
		{43F2B45F-D963-4D9A-B842-606526C3A81D}.Debug|Win32.Build.0 = Debug|Win32
		{43F2B45F-D963-4D9A-B842-606526C3A81D}.Debug|x64.ActiveCfg = Debug|Win32
		{43F2B45F-D963-4D9A-B842-606526C3A81D}.Release|Win32.ActiveCfg = Release|Win32
		{43F2B45F-D963-4D9A-B842-606526C3A81D}.Release|Win32.Build.0 = Release|Win32
		{43F2B45F-D963-4D9A-B842-606526C3A81D}.Release|x64.ActiveCfg = Release|Win32
		{06236056-DE97-49C1-8A4C-24D35AB7B491}.Debug|Win32.ActiveCfg = Debug|Win32
		{06236056-DE97-49C1-8A4C-24D35AB7B491}.Debug|Win32.Build.0 = Debug|Win32
		{06236056-DE97-49C1-8A4C-24D35AB7B491}.Debug|x64.ActiveCfg = Debug|Win32
		{06236056-DE97-49C1-8A4C-24D35AB7B491}.Release|Win32.ActiveCfg = Release|Win32
		{06236056-DE97-49C1-8A4C-24D35AB7B491}.Release|Win32.Build.0 = Release|Win32
		{06236056-DE97-49C1-8A4C-24D35AB7B491}.Release|x64.ActiveCfg = Release|Win32
		{B82462F3-0004-4E0E-BB50-F0DBBB168F61}.Debug|Win32.ActiveCfg = Debug|Win32
		{B82462F3-0004-4E0E-BB50-F0DBBB168F61}.Debug|Win32.Build.0 = Debug|Win32
		{B82462F3-0004-4E0E-BB50-F0DBBB168F61}.Debug|x64.ActiveCfg = Debug|Win32
		{B82462F3-0004-4E0E-BB50-F0DBBB168F61}.Release|Win32.ActiveCfg = Release|Win32
		{B82462F3-0004-4E0E-BB50-F0DBBB168F61}.Release|Win32.Build.0 = Release|Win32
		{B82462F3-0004-4E0E-BB50-F0DBBB168F61}.Release|x64.ActiveCfg = Release|Win32
		{B4A7AF6D-5D84-428A-8B03-CF84F4C08424}.Debug|Win32.ActiveCfg = Debug|Win32
		{B4A7AF6D-5D84-428A-8B03-CF84F4C08424}.Debug|Win32.Build.0 = Debug|Win32
		{B4A7AF6D-5D84-428A-8B03-CF84F4C08424}.Debug|x64.ActiveCfg = Debug|x64
		{B4A7AF6D-5D84-428A-8B03-CF84F4C08424}.Release|Win32.ActiveCfg = Release|Win32
		{B4A7AF6D-5D84-428A-8B03-CF84F4C08424}.Release|Win32.Build.0 = Release|Win32
		{B4A7AF6D-5D84-428A-8B03-CF84F4C08424}.Release|x64.ActiveCfg = Release|x64
	EndGlobalSection
	GlobalSection(SolutionProperties) = preSolution
		HideSolutionNode = FALSE
	EndGlobalSection
EndGlobal
