
Microsoft Visual Studio Solution File, Format Version 10.00
# Visual Studio 2008
Project("{8BC9CEB8-8B4A-11D0-8D11-00A0C91BC942}") = "KKPlayerCore", "KKPlayerCore\KKPlayerCore.vcproj", "{84C7B630-A27D-41C4-92E0-DE9B1B1A1D0B}"
EndProject
Project("{8BC9CEB8-8B4A-11D0-8D11-00A0C91BC942}") = "librtmp", "librtmp\librtmp.vcproj", "{5A2DD82A-DB1B-4873-AB9C-417AA8F8DE97}"
EndProject
Project("{8BC9CEB8-8B4A-11D0-8D11-00A0C91BC942}") = "zlibstat", "zlib\contrib\vstudio\vc9\zlibstat.vcproj", "{745DEC58-EBB3-47A9-A9B8-4C6627C01BF8}"
EndProject
Project("{8BC9CEB8-8B4A-11D0-8D11-00A0C91BC942}") = "KKPlayer", "KKPlayer\KKPlayer.vcproj", "{B82462F3-0004-4E0E-BB50-F0DBBB168F61}"
	ProjectSection(ProjectDependencies) = postProject
		{84C7B630-A27D-41C4-92E0-DE9B1B1A1D0B} = {84C7B630-A27D-41C4-92E0-DE9B1B1A1D0B}
	EndProjectSection
EndProject
Project("{8BC9CEB8-8B4A-11D0-8D11-00A0C91BC942}") = "CryptAV", "CryptAV\CryptAV.vcproj", "{60DA4392-E985-43A6-B245-6DAC612A0DB3}"
EndProject
Project("{8BC9CEB8-8B4A-11D0-8D11-00A0C91BC942}") = "skia", "skia\skia.vcproj", "{022D2356-8EF6-3EA3-A0D2-F1786190B6E1}"
EndProject
Global
	GlobalSection(SolutionConfigurationPlatforms) = preSolution
		Debug|Win32 = Debug|Win32
		Release|Win32 = Release|Win32
		ReleaseWithoutAsm|Win32 = ReleaseWithoutAsm|Win32
	EndGlobalSection
	GlobalSection(ProjectConfigurationPlatforms) = postSolution
		{84C7B630-A27D-41C4-92E0-DE9B1B1A1D0B}.Debug|Win32.ActiveCfg = Debug|Win32
		{84C7B630-A27D-41C4-92E0-DE9B1B1A1D0B}.Debug|Win32.Build.0 = Debug|Win32
		{84C7B630-A27D-41C4-92E0-DE9B1B1A1D0B}.Release|Win32.ActiveCfg = Release|Win32
		{84C7B630-A27D-41C4-92E0-DE9B1B1A1D0B}.Release|Win32.Build.0 = Release|Win32
		{84C7B630-A27D-41C4-92E0-DE9B1B1A1D0B}.ReleaseWithoutAsm|Win32.ActiveCfg = Release|Win32
		{84C7B630-A27D-41C4-92E0-DE9B1B1A1D0B}.ReleaseWithoutAsm|Win32.Build.0 = Release|Win32
		{5A2DD82A-DB1B-4873-AB9C-417AA8F8DE97}.Debug|Win32.ActiveCfg = Debug|Win32
		{5A2DD82A-DB1B-4873-AB9C-417AA8F8DE97}.Debug|Win32.Build.0 = Debug|Win32
		{5A2DD82A-DB1B-4873-AB9C-417AA8F8DE97}.Release|Win32.ActiveCfg = Release|Win32
		{5A2DD82A-DB1B-4873-AB9C-417AA8F8DE97}.Release|Win32.Build.0 = Release|Win32
		{5A2DD82A-DB1B-4873-AB9C-417AA8F8DE97}.ReleaseWithoutAsm|Win32.ActiveCfg = Release|Win32
		{5A2DD82A-DB1B-4873-AB9C-417AA8F8DE97}.ReleaseWithoutAsm|Win32.Build.0 = Release|Win32
		{745DEC58-EBB3-47A9-A9B8-4C6627C01BF8}.Debug|Win32.ActiveCfg = Debug|Win32
		{745DEC58-EBB3-47A9-A9B8-4C6627C01BF8}.Debug|Win32.Build.0 = Debug|Win32
		{745DEC58-EBB3-47A9-A9B8-4C6627C01BF8}.Release|Win32.ActiveCfg = Release|Win32
		{745DEC58-EBB3-47A9-A9B8-4C6627C01BF8}.Release|Win32.Build.0 = Release|Win32
		{745DEC58-EBB3-47A9-A9B8-4C6627C01BF8}.ReleaseWithoutAsm|Win32.ActiveCfg = ReleaseWithoutAsm|Win32
		{745DEC58-EBB3-47A9-A9B8-4C6627C01BF8}.ReleaseWithoutAsm|Win32.Build.0 = ReleaseWithoutAsm|Win32
		{B82462F3-0004-4E0E-BB50-F0DBBB168F61}.Debug|Win32.ActiveCfg = Debug|Win32
		{B82462F3-0004-4E0E-BB50-F0DBBB168F61}.Debug|Win32.Build.0 = Debug|Win32
		{B82462F3-0004-4E0E-BB50-F0DBBB168F61}.Release|Win32.ActiveCfg = Release|Win32
		{B82462F3-0004-4E0E-BB50-F0DBBB168F61}.Release|Win32.Build.0 = Release|Win32
		{B82462F3-0004-4E0E-BB50-F0DBBB168F61}.ReleaseWithoutAsm|Win32.ActiveCfg = Release|Win32
		{B82462F3-0004-4E0E-BB50-F0DBBB168F61}.ReleaseWithoutAsm|Win32.Build.0 = Release|Win32
		{60DA4392-E985-43A6-B245-6DAC612A0DB3}.Debug|Win32.ActiveCfg = Debug|Win32
		{60DA4392-E985-43A6-B245-6DAC612A0DB3}.Debug|Win32.Build.0 = Debug|Win32
		{60DA4392-E985-43A6-B245-6DAC612A0DB3}.Release|Win32.ActiveCfg = Release|Win32
		{60DA4392-E985-43A6-B245-6DAC612A0DB3}.Release|Win32.Build.0 = Release|Win32
		{60DA4392-E985-43A6-B245-6DAC612A0DB3}.ReleaseWithoutAsm|Win32.ActiveCfg = Release|Win32
		{60DA4392-E985-43A6-B245-6DAC612A0DB3}.ReleaseWithoutAsm|Win32.Build.0 = Release|Win32
		{022D2356-8EF6-3EA3-A0D2-F1786190B6E1}.Debug|Win32.ActiveCfg = Debug|Win32
		{022D2356-8EF6-3EA3-A0D2-F1786190B6E1}.Debug|Win32.Build.0 = Debug|Win32
		{022D2356-8EF6-3EA3-A0D2-F1786190B6E1}.Release|Win32.ActiveCfg = Release|Win32
		{022D2356-8EF6-3EA3-A0D2-F1786190B6E1}.Release|Win32.Build.0 = Release|Win32
		{022D2356-8EF6-3EA3-A0D2-F1786190B6E1}.ReleaseWithoutAsm|Win32.ActiveCfg = Release|Win32
		{022D2356-8EF6-3EA3-A0D2-F1786190B6E1}.ReleaseWithoutAsm|Win32.Build.0 = Release|Win32
	EndGlobalSection
	GlobalSection(SolutionProperties) = preSolution
		HideSolutionNode = FALSE
	EndGlobalSection
EndGlobal
